{
  "name": "webserverai",
  "version": "0.0.7-beta",
  "lockfileVersion": 3,
  "requires": true,
  "packages": {
    "": {
      "name": "webserverai",
      "version": "0.0.7-beta",
      "license": "MIT",
      "dependencies": {
        "webserverai": "file:"
      }
    },
    "node_modules/webserverai": {
      "resolved": "",
      "link": true
    }
  }
}
